
Microsoft Visual Studio Solution File, Format Version 11.00
# Visual Studio 2010
Project("{FAE04EC0-301F-11D3-BF4B-00C04F79EFBC}") = "Assembly-CSharp", "Assembly-CSharp.csproj", "{5C229B85-A7B4-EE95-23E7-5698C80DBE66}"
EndProject
Global
	GlobalSection(SolutionConfigurationPlatforms) = preSolution
		Debug|Any CPU = Debug|Any CPU
		Release|Any CPU = Release|Any CPU
	EndGlobalSection
	GlobalSection(ProjectConfigurationPlatforms) = postSolution
		{5C229B85-A7B4-EE95-23E7-5698C80DBE66}.Debug|Any CPU.ActiveCfg = Debug|Any CPU
		{5C229B85-A7B4-EE95-23E7-5698C80DBE66}.Debug|Any CPU.Build.0 = Debug|Any CPU
		{5C229B85-A7B4-EE95-23E7-5698C80DBE66}.Release|Any CPU.ActiveCfg = Release|Any CPU
		{5C229B85-A7B4-EE95-23E7-5698C80DBE66}.Release|Any CPU.Build.0 = Release|Any CPU
	EndGlobalSection
	GlobalSection(SolutionProperties) = preSolution
		HideSolutionNode = FALSE
	EndGlobalSection
	GlobalSection(MonoDevelopProperties) = preSolution
		StartupItem = Assembly-CSharp.csproj
	EndGlobalSection
EndGlobal
